PODS:
  - Firebase/Analytics (10.10.0):
    - Firebase/Core
    - FirebaseAnalytics (~> 10.10.0)
  - Firebase/Auth (10.10.0):
    - Firebase/Core
    - FirebaseAuth (~> 10.10.0)
  - Firebase/Core (10.10.0):
    - FirebaseAnalytics (~> 10.10.0)
  - Firebase/Storage (10.10.0):
    - Firebase/Core
    - FirebaseStorage (~> 10.10.0)
  - FirebaseAnalytics (10.10.0):
    - FirebaseCore (~> 10.10.0)
    - FirebaseInstallations (~> 10.10.0)
  - FirebaseAuth (10.10.0):
    - FirebaseCore (~> 10.10.0)
    - FirebaseInstallations (~> 10.10.0)
  - FirebaseCore (10.10.0)
  - FirebaseInstallations (10.10.0):
    - FirebaseCore (~> 10.10.0)
  - FirebaseStorage (10.10.0):
    - FirebaseCore (~> 10.10.0)
    - GTMSessionFetcher/Core (~> 1.5)

DEPENDENCIES:
  - Firebase/Analytics
  - Firebase/Auth
  - Firebase/Core
  - Firebase/Storage

SPEC REPOS:
  trunk:
    - Firebase
    - FirebaseAnalytics
    - FirebaseAuth
    - FirebaseCore
    - FirebaseInstallations
    - FirebaseStorage
    - GTMSessionFetcher

SPEC CHECKSUMS:
  Firebase: <checksum>
  FirebaseAnalytics: <checksum>
  FirebaseAuth: <checksum>
  FirebaseCore: <checksum>
  FirebaseInstallations: <checksum>
  FirebaseStorage: <checksum>
  GTMSessionFetcher: <checksum>

PODFILE CHECKSUM: <checksum>

COCOAPODS: 1.12.0
